// !$*UTF8*$!
{
	archiveVersion = 1;
	classes = {
	};
	objectVersion = 50;
	objects = {

/* Begin PBXBuildFile section */
		5341D07A2092BA8B0010D9B7 /* AppDelegate.m in Sources */ = {isa = PBXBuildFile; fileRef = 5341D0792092BA8B0010D9B7 /* AppDelegate.m */; };
		5341D07D2092BA8B0010D9B7 /* ViewController.m in Sources */ = {isa = PBXBuildFile; fileRef = 5341D07C2092BA8B0010D9B7 /* ViewController.m */; };
		5341D0802092BA8B0010D9B7 /* Main.storyboard in Resources */ = {isa = PBXBuildFile; fileRef = 5341D07E2092BA8B0010D9B7 /* Main.storyboard */; };
		5341D0822092BA8C0010D9B7 /* Assets.xcassets in Resources */ = {isa = PBXBuildFile; fileRef = 5341D0812092BA8C0010D9B7 /* Assets.xcassets */; };
		5341D0852092BA8C0010D9B7 /* LaunchScreen.storyboard in Resources */ = {isa = PBXBuildFile; fileRef = 5341D0832092BA8C0010D9B7 /* LaunchScreen.storyboard */; };
		5341D0882092BA8C0010D9B7 /* main.m in Sources */ = {isa = PBXBuildFile; fileRef = 5341D0872092BA8C0010D9B7 /* main.m */; };
		5341D0922092BA990010D9B7 /* YXCropperOverlayView.m in Sources */ = {isa = PBXBuildFile; fileRef = 5341D08E2092BA980010D9B7 /* YXCropperOverlayView.m */; };
		5341D0932092BA990010D9B7 /* YXCropperView.m in Sources */ = {isa = PBXBuildFile; fileRef = 5341D08F2092BA980010D9B7 /* YXCropperView.m */; };
/* End PBXBuildFile section */

/* Begin PBXFileReference section */
		5341D0752092BA8B0010D9B7 /* CropOverlay.app */ = {isa = PBXFileReference; explicitFileType = wrapper.application; includeInIndex = 0; path = CropOverlay.app; sourceTree = BUILT_PRODUCTS_DIR; };
		5341D0782092BA8B0010D9B7 /* AppDelegate.h */ = {isa = PBXFileReference; lastKnownFileType = sourcecode.c.h; path = AppDelegate.h; sourceTree = "<group>"; };
		5341D0792092BA8B0010D9B7 /* AppDelegate.m */ = {isa = PBXFileReference; lastKnownFileType = sourcecode.c.objc; path = AppDelegate.m; sourceTree = "<group>"; };
		5341D07B2092BA8B0010D9B7 /* ViewController.h */ = {isa = PBXFileReference; lastKnownFileType = sourcecode.c.h; path = ViewController.h; sourceTree = "<group>"; };
		5341D07C2092BA8B0010D9B7 /* ViewController.m */ = {isa = PBXFileReference; lastKnownFileType = sourcecode.c.objc; path = ViewController.m; sourceTree = "<group>"; };
		5341D07F2092BA8B0010D9B7 /* Base */ = {isa = PBXFileReference; lastKnownFileType = file.storyboard; name = Base; path = Base.lproj/Main.storyboard; sourceTree = "<group>"; };
		5341D0812092BA8C0010D9B7 /* Assets.xcassets */ = {isa = PBXFileReference; lastKnownFileType = folder.assetcatalog; path = Assets.xcassets; sourceTree = "<group>"; };
		5341D0842092BA8C0010D9B7 /* Base */ = {isa = PBXFileReference; lastKnownFileType = file.storyboard; name = Base; path = Base.lproj/LaunchScreen.storyboard; sourceTree = "<group>"; };
		5341D0862092BA8C0010D9B7 /* Info.plist */ = {isa = PBXFileReference; lastKnownFileType = text.plist.xml; path = Info.plist; sourceTree = "<group>"; };
		5341D0872092BA8C0010D9B7 /* main.m */ = {isa = PBXFileReference; lastKnownFileType = sourcecode.c.objc; path = main.m; sourceTree = "<group>"; };
		5341D08E2092BA980010D9B7 /* YXCropperOverlayView.m */ = {isa = PBXFileReference; fileEncoding = 4; lastKnownFileType = sourcecode.c.objc; path = YXCropperOverlayView.m; sourceTree = "<group>"; };
		5341D08F2092BA980010D9B7 /* YXCropperView.m */ = {isa = PBXFileReference; fileEncoding = 4; lastKnownFileType = sourcecode.c.objc; path = YXCropperView.m; sourceTree = "<group>"; };
		5341D0902092BA990010D9B7 /* YXCropperOverlayView.h */ = {isa = PBXFileReference; fileEncoding = 4; lastKnownFileType = sourcecode.c.h; path = YXCropperOverlayView.h; sourceTree = "<group>"; };
		5341D0912092BA990010D9B7 /* YXCropperView.h */ = {isa = PBXFileReference; fileEncoding = 4; lastKnownFileType = sourcecode.c.h; path = YXCropperView.h; sourceTree = "<group>"; };
/* End PBXFileReference section */

/* Begin PBXFrameworksBuildPhase section */
		5341D0722092BA8B0010D9B7 /* Frameworks */ = {
			isa = PBXFrameworksBuildPhase;
			buildActionMask = 2147483647;
			files = (
			);
			runOnlyForDeploymentPostprocessing = 0;
		};
/* End PBXFrameworksBuildPhase section */

/* Begin PBXGroup section */
		5341D06C2092BA8B0010D9B7 = {
			isa = PBXGroup;
			children = (
				5341D0772092BA8B0010D9B7 /* CropOverlay */,
				5341D0762092BA8B0010D9B7 /* Products */,
			);
			sourceTree = "<group>";
		};
		5341D0762092BA8B0010D9B7 /* Products */ = {
			isa = PBXGroup;
			children = (
				5341D0752092BA8B0010D9B7 /* CropOverlay.app */,
			);
			name = Products;
			sourceTree = "<group>";
		};
		5341D0772092BA8B0010D9B7 /* CropOverlay */ = {
			isa = PBXGroup;
			children = (
				5341D0782092BA8B0010D9B7 /* AppDelegate.h */,
				5341D0792092BA8B0010D9B7 /* AppDelegate.m */,
				5341D07B2092BA8B0010D9B7 /* ViewController.h */,
				5341D07C2092BA8B0010D9B7 /* ViewController.m */,
				5341D0902092BA990010D9B7 /* YXCropperOverlayView.h */,
				5341D08E2092BA980010D9B7 /* YXCropperOverlayView.m */,
				5341D0912092BA990010D9B7 /* YXCropperView.h */,
				5341D08F2092BA980010D9B7 /* YXCropperView.m */,
				5341D07E2092BA8B0010D9B7 /* Main.storyboard */,
				5341D0812092BA8C0010D9B7 /* Assets.xcassets */,
				5341D0832092BA8C0010D9B7 /* LaunchScreen.storyboard */,
				5341D0862092BA8C0010D9B7 /* Info.plist */,
				5341D0872092BA8C0010D9B7 /* main.m */,
			);
			path = CropOverlay;
			sourceTree = "<group>";
		};
/* End PBXGroup section */

/* Begin PBXNativeTarget section */
		5341D0742092BA8B0010D9B7 /* CropOverlay */ = {
			isa = PBXNativeTarget;
			buildConfigurationList = 5341D08B2092BA8C0010D9B7 /* Build configuration list for PBXNativeTarget "CropOverlay" */;
			buildPhases = (
				5341D0712092BA8B0010D9B7 /* Sources */,
				5341D0722092BA8B0010D9B7 /* Frameworks */,
				5341D0732092BA8B0010D9B7 /* Resources */,
			);
			buildRules = (
			);
			dependencies = (
			);
			name = CropOverlay;
			productName = CropOverlay;
			productReference = 5341D0752092BA8B0010D9B7 /* CropOverlay.app */;
			productType = "com.apple.product-type.application";
		};
/* End PBXNativeTarget section */

/* Begin PBXProject section */
		5341D06D2092BA8B0010D9B7 /* Project object */ = {
			isa = PBXProject;
			attributes = {
				LastUpgradeCheck = 0930;
				ORGANIZATIONNAME = zhanghaidi;
				TargetAttributes = {
					5341D0742092BA8B0010D9B7 = {
						CreatedOnToolsVersion = 9.3;
					};
				};
			};
			buildConfigurationList = 5341D0702092BA8B0010D9B7 /* Build configuration list for PBXProject "CropOverlay" */;
			compatibilityVersion = "Xcode 9.3";
			developmentRegion = en;
			hasScannedForEncodings = 0;
			knownRegions = (
				en,
				Base,
			);
			mainGroup = 5341D06C2092BA8B0010D9B7;
			productRefGroup = 5341D0762092BA8B0010D9B7 /* Products */;
			projectDirPath = "";
			projectRoot = "";
			targets = (
				5341D0742092BA8B0010D9B7 /* CropOverlay */,
			);
		};
/* End PBXProject section */

/* Begin PBXResourcesBuildPhase section */
		5341D0732092BA8B0010D9B7 /* Resources */ = {
			isa = PBXResourcesBuildPhase;
			buildActionMask = 2147483647;
			files = (
				5341D0852092BA8C0010D9B7 /* LaunchScreen.storyboard in Resources */,
				5341D0822092BA8C0010D9B7 /* Assets.xcassets in Resources */,
				5341D0802092BA8B0010D9B7 /* Main.storyboard in Resources */,
			);
			runOnlyForDeploymentPostprocessing = 0;
		};
/* End PBXResourcesBuildPhase section */

/* Begin PBXSourcesBuildPhase section */
		5341D0712092BA8B0010D9B7 /* Sources */ = {
			isa = PBXSourcesBuildPhase;
			buildActionMask = 2147483647;
			files = (
				5341D07D2092BA8B0010D9B7 /* ViewController.m in Sources */,
				5341D0932092BA990010D9B7 /* YXCropperView.m in Sources */,
				5341D0882092BA8C0010D9B7 /* main.m in Sources */,
				5341D0922092BA990010D9B7 /* YXCropperOverlayView.m in Sources */,
				5341D07A2092BA8B0010D9B7 /* AppDelegate.m in Sources */,
			);
			runOnlyForDeploymentPostprocessing = 0;
		};
/* End PBXSourcesBuildPhase section */

/* Begin PBXVariantGroup section */
		5341D07E2092BA8B0010D9B7 /* Main.storyboard */ = {
			isa = PBXVariantGroup;
			children = (
				5341D07F2092BA8B0010D9B7 /* Base */,
			);
			name = Main.storyboard;
			sourceTree = "<group>";
		};
		5341D0832092BA8C0010D9B7 /* LaunchScreen.storyboard */ = {
			isa = PBXVariantGroup;
			children = (
				5341D0842092BA8C0010D9B7 /* Base */,
			);
			name = LaunchScreen.storyboard;
			sourceTree = "<group>";
		};
/* End PBXVariantGroup section */

/* Begin XCBuildConfiguration section */
		5341D0892092BA8C0010D9B7 /* Debug */ = {
			isa = XCBuildConfiguration;
			buildSettings = {
				ALWAYS_SEARCH_USER_PATHS = NO;
				CLANG_ANALYZER_NONNULL = YES;
				CLANG_ANALYZER_NUMBER_OBJECT_CONVERSION = YES_AGGRESSIVE;
				CLANG_CXX_LANGUAGE_STANDARD = "gnu++14";
				CLANG_CXX_LIBRARY = "libc++";
				CLANG_ENABLE_MODULES = YES;
				CLANG_ENABLE_OBJC_ARC = YES;
				CLANG_ENABLE_OBJC_WEAK = YES;
				CLANG_WARN_BLOCK_CAPTURE_AUTORELEASING = YES;
				CLANG_WARN_BOOL_CONVERSION = YES;
				CLANG_WARN_COMMA = YES;
				CLANG_WARN_CONSTANT_CONVERSION = YES;
				CLANG_WARN_DEPRECATED_OBJC_IMPLEMENTATIONS = YES;
				CLANG_WARN_DIRECT_OBJC_ISA_USAGE = YES_ERROR;
				CLANG_WARN_DOCUMENTATION_COMMENTS = YES;
				CLANG_WARN_EMPTY_BODY = YES;
				CLANG_WARN_ENUM_CONVERSION = YES;
				CLANG_WARN_INFINITE_RECURSION = YES;
				CLANG_WARN_INT_CONVERSION = YES;
				CLANG_WARN_NON_LITERAL_NULL_CONVERSION = YES;
				CLANG_WARN_OBJC_IMPLICIT_RETAIN_SELF = YES;
				CLANG_WARN_OBJC_LITERAL_CONVERSION = YES;
				CLANG_WARN_OBJC_ROOT_CLASS = YES_ERROR;
				CLANG_WARN_RANGE_LOOP_ANALYSIS = YES;
				CLANG_WARN_STRICT_PROTOTYPES = YES;
				CLANG_WARN_SUSPICIOUS_MOVE = YES;
				CLANG_WARN_UNGUARDED_AVAILABILITY = YES_AGGRESSIVE;
				CLANG_WARN_UNREACHABLE_CODE = YES;
				CLANG_WARN__DUPLICATE_METHOD_MATCH = YES;
				CODE_SIGN_IDENTITY = "iPhone Developer";
				COPY_PHASE_STRIP = NO;
				DEBUG_INFORMATION_FORMAT = dwarf;
				ENABLE_STRICT_OBJC_MSGSEND = YES;
				ENABLE_TESTABILITY = YES;
				GCC_C_LANGUAGE_STANDARD = gnu11;
				GCC_DYNAMIC_NO_PIC = NO;
				GCC_NO_COMMON_BLOCKS = YES;
				GCC_OPTIMIZATION_LEVEL = 0;
				GCC_PREPROCESSOR_DEFINITIONS = (
					"DEBUG=1",
					"$(inherited)",
				);
				GCC_WARN_64_TO_32_BIT_CONVERSION = YES;
				GCC_WARN_ABOUT_RETURN_TYPE = YES_ERROR;
				GCC_WARN_UNDECLARED_SELECTOR = YES;
				GCC_WARN_UNINITIALIZED_AUTOS = YES_AGGRESSIVE;
				GCC_WARN_UNUSED_FUNCTION = YES;
				GCC_WARN_UNUSED_VARIABLE = YES;
				IPHONEOS_DEPLOYMENT_TARGET = 8.0;
				MTL_ENABLE_DEBUG_INFO = YES;
				ONLY_ACTIVE_ARCH = YES;
				SDKROOT = iphoneos;
			};
			name = Debug;
		};
		5341D08A2092BA8C0010D9B7 /* Release */ = {
			isa = XCBuildConfiguration;
			buildSettings = {
				ALWAYS_SEARCH_USER_PATHS = NO;
				CLANG_ANALYZER_NONNULL = YES;
				CLANG_ANALYZER_NUMBER_OBJECT_CONVERSION = YES_AGGRESSIVE;
				CLANG_CXX_LANGUAGE_STANDARD = "gnu++14";
				CLANG_CXX_LIBRARY = "libc++";
				CLANG_ENABLE_MODULES = YES;
				CLANG_ENABLE_OBJC_ARC = YES;
				CLANG_ENABLE_OBJC_WEAK = YES;
				CLANG_WARN_BLOCK_CAPTURE_AUTORELEASING = YES;
				CLANG_WARN_BOOL_CONVERSION = YES;
				CLANG_WARN_COMMA = YES;
				CLANG_WARN_CONSTANT_CONVERSION = YES;
				CLANG_WARN_DEPRECATED_OBJC_IMPLEMENTATIONS = YES;
				CLANG_WARN_DIRECT_OBJC_ISA_USAGE = YES_ERROR;
				CLANG_WARN_DOCUMENTATION_COMMENTS = YES;
				CLANG_WARN_EMPTY_BODY = YES;
				CLANG_WARN_ENUM_CONVERSION = YES;
				CLANG_WARN_INFINITE_RECURSION = YES;
				CLANG_WARN_INT_CONVERSION = YES;
				CLANG_WARN_NON_LITERAL_NULL_CONVERSION = YES;
				CLANG_WARN_OBJC_IMPLICIT_RETAIN_SELF = YES;
				CLANG_WARN_OBJC_LITERAL_CONVERSION = YES;
				CLANG_WARN_OBJC_ROOT_CLASS = YES_ERROR;
				CLANG_WARN_RANGE_LOOP_ANALYSIS = YES;
				CLANG_WARN_STRICT_PROTOTYPES = YES;
				CLANG_WARN_SUSPICIOUS_MOVE = YES;
				CLANG_WARN_UNGUARDED_AVAILABILITY = YES_AGGRESSIVE;
				CLANG_WARN_UNREACHABLE_CODE = YES;
				CLANG_WARN__DUPLICATE_METHOD_MATCH = YES;
				CODE_SIGN_IDENTITY = "iPhone Developer";
				COPY_PHASE_STRIP = NO;
				DEBUG_INFORMATION_FORMAT = "dwarf-with-dsym";
				ENABLE_NS_ASSERTIONS = NO;
				ENABLE_STRICT_OBJC_MSGSEND = YES;
				GCC_C_LANGUAGE_STANDARD = gnu11;
				GCC_NO_COMMON_BLOCKS = YES;
				GCC_WARN_64_TO_32_BIT_CONVERSION = YES;
				GCC_WARN_ABOUT_RETURN_TYPE = YES_ERROR;
				GCC_WARN_UNDECLARED_SELECTOR = YES;
				GCC_WARN_UNINITIALIZED_AUTOS = YES_AGGRESSIVE;
				GCC_WARN_UNUSED_FUNCTION = YES;
				GCC_WARN_UNUSED_VARIABLE = YES;
				IPHONEOS_DEPLOYMENT_TARGET = 8.0;
				MTL_ENABLE_DEBUG_INFO = NO;
				SDKROOT = iphoneos;
				VALIDATE_PRODUCT = YES;
			};
			name = Release;
		};
		5341D08C2092BA8C0010D9B7 /* Debug */ = {
			isa = XCBuildConfiguration;
			buildSettings = {
				ASSETCATALOG_COMPILER_APPICON_NAME = AppIcon;
				CODE_SIGN_STYLE = Automatic;
				DEVELOPMENT_TEAM = 22R5TS4DAZ;
				INFOPLIST_FILE = CropOverlay/Info.plist;
				IPHONEOS_DEPLOYMENT_TARGET = 8.0;
				LD_RUNPATH_SEARCH_PATHS = (
					"$(inherited)",
					"@executable_path/Frameworks",
				);
				PRODUCT_BUNDLE_IDENTIFIER = com.zhanghaidi.ConnectTest;
				PRODUCT_NAME = "$(TARGET_NAME)";
				TARGETED_DEVICE_FAMILY = "1,2";
			};
			name = Debug;
		};
		5341D08D2092BA8C0010D9B7 /* Release */ = {
			isa = XCBuildConfiguration;
			buildSettings = {
				ASSETCATALOG_COMPILER_APPICON_NAME = AppIcon;
				CODE_SIGN_STYLE = Automatic;
				DEVELOPMENT_TEAM = 22R5TS4DAZ;
				INFOPLIST_FILE = CropOverlay/Info.plist;
				IPHONEOS_DEPLOYMENT_TARGET = 8.0;
				LD_RUNPATH_SEARCH_PATHS = (
					"$(inherited)",
					"@executable_path/Frameworks",
				);
				PRODUCT_BUNDLE_IDENTIFIER = com.zhanghaidi.ConnectTest;
				PRODUCT_NAME = "$(TARGET_NAME)";
				TARGETED_DEVICE_FAMILY = "1,2";
			};
			name = Release;
		};
/* End XCBuildConfiguration section */

/* Begin XCConfigurationList section */
		5341D0702092BA8B0010D9B7 /* Build configuration list for PBXProject "CropOverlay" */ = {
			isa = XCConfigurationList;
			buildConfigurations = (
				5341D0892092BA8C0010D9B7 /* Debug */,
				5341D08A2092BA8C0010D9B7 /* Release */,
			);
			defaultConfigurationIsVisible = 0;
			defaultConfigurationName = Release;
		};
		5341D08B2092BA8C0010D9B7 /* Build configuration list for PBXNativeTarget "CropOverlay" */ = {
			isa = XCConfigurationList;
			buildConfigurations = (
				5341D08C2092BA8C0010D9B7 /* Debug */,
				5341D08D2092BA8C0010D9B7 /* Release */,
			);
			defaultConfigurationIsVisible = 0;
			defaultConfigurationName = Release;
		};
/* End XCConfigurationList section */
	};
	rootObject = 5341D06D2092BA8B0010D9B7 /* Project object */;
}
